
Microsoft Visual Studio Solution File, Format Version 12.00
# Visual Studio Version 16
VisualStudioVersion = 16.0.32106.194
MinimumVisualStudioVersion = 10.0.40219.1
Project("{9A19103F-16F7-4668-BE54-9A1E7A4F7556}") = "BlazorApp", "BlazorApp\BlazorApp.csproj", "{60AAE7BF-72D5-4CFC-849B-92F791BEEA02}"
EndProject
Project("{FAE04EC0-301F-11D3-BF4B-00C04F79EFBC}") = "Exercises1", "Exercises1\Exercises1.csproj", "{0ACF3247-218B-413D-8C54-2870ADE91B19}"
EndProject
Global
	GlobalSection(SolutionConfigurationPlatforms) = preSolution
		Debug|Any CPU = Debug|Any CPU
		Release|Any CPU = Release|Any CPU
	EndGlobalSection
	GlobalSection(ProjectConfigurationPlatforms) = postSolution
		{60AAE7BF-72D5-4CFC-849B-92F791BEEA02}.Debug|Any CPU.ActiveCfg = Debug|Any CPU
		{60AAE7BF-72D5-4CFC-849B-92F791BEEA02}.Debug|Any CPU.Build.0 = Debug|Any CPU
		{60AAE7BF-72D5-4CFC-849B-92F791BEEA02}.Release|Any CPU.ActiveCfg = Release|Any CPU
		{60AAE7BF-72D5-4CFC-849B-92F791BEEA02}.Release|Any CPU.Build.0 = Release|Any CPU
		{0ACF3247-218B-413D-8C54-2870ADE91B19}.Debug|Any CPU.ActiveCfg = Debug|Any CPU
		{0ACF3247-218B-413D-8C54-2870ADE91B19}.Debug|Any CPU.Build.0 = Debug|Any CPU
		{0ACF3247-218B-413D-8C54-2870ADE91B19}.Release|Any CPU.ActiveCfg = Release|Any CPU
		{0ACF3247-218B-413D-8C54-2870ADE91B19}.Release|Any CPU.Build.0 = Release|Any CPU
	EndGlobalSection
	GlobalSection(SolutionProperties) = preSolution
		HideSolutionNode = FALSE
	EndGlobalSection
	GlobalSection(ExtensibilityGlobals) = postSolution
		SolutionGuid = {99F1C058-396E-4AB9-8B70-11699EB09557}
	EndGlobalSection
EndGlobal
