
Microsoft Visual Studio Solution File, Format Version 12.00
# Visual Studio Version 16
VisualStudioVersion = 16.0.32106.194
MinimumVisualStudioVersion = 10.0.40219.1
Project("{9A19103F-16F7-4668-BE54-9A1E7A4F7556}") = "BlazorApp", "BlazorApp\BlazorApp.csproj", "{51F1AD57-6FAD-44BE-BA93-2B51EE9FC6E2}"
EndProject
Project("{FAE04EC0-301F-11D3-BF4B-00C04F79EFBC}") = "Exercise1", "Exercise1\Exercise1.csproj", "{61373B0B-C155-4A88-B7F8-1542FEFACA70}"
EndProject
Global
	GlobalSection(SolutionConfigurationPlatforms) = preSolution
		Debug|Any CPU = Debug|Any CPU
		Release|Any CPU = Release|Any CPU
	EndGlobalSection
	GlobalSection(ProjectConfigurationPlatforms) = postSolution
		{51F1AD57-6FAD-44BE-BA93-2B51EE9FC6E2}.Debug|Any CPU.ActiveCfg = Debug|Any CPU
		{51F1AD57-6FAD-44BE-BA93-2B51EE9FC6E2}.Debug|Any CPU.Build.0 = Debug|Any CPU
		{51F1AD57-6FAD-44BE-BA93-2B51EE9FC6E2}.Release|Any CPU.ActiveCfg = Release|Any CPU
		{51F1AD57-6FAD-44BE-BA93-2B51EE9FC6E2}.Release|Any CPU.Build.0 = Release|Any CPU
		{61373B0B-C155-4A88-B7F8-1542FEFACA70}.Debug|Any CPU.ActiveCfg = Debug|Any CPU
		{61373B0B-C155-4A88-B7F8-1542FEFACA70}.Debug|Any CPU.Build.0 = Debug|Any CPU
		{61373B0B-C155-4A88-B7F8-1542FEFACA70}.Release|Any CPU.ActiveCfg = Release|Any CPU
		{61373B0B-C155-4A88-B7F8-1542FEFACA70}.Release|Any CPU.Build.0 = Release|Any CPU
	EndGlobalSection
	GlobalSection(SolutionProperties) = preSolution
		HideSolutionNode = FALSE
	EndGlobalSection
	GlobalSection(ExtensibilityGlobals) = postSolution
		SolutionGuid = {7763B996-5577-4D65-BE3C-271B95EE1DC5}
	EndGlobalSection
EndGlobal
